
Microsoft Visual Studio Solution File, Format Version 12.00
# Visual Studio 15
VisualStudioVersion = 15.0.26730.16
MinimumVisualStudioVersion = 10.0.40219.1
Project("{FAE04EC0-301F-11D3-BF4B-00C04F79EFBC}") = "DllConfigDemo", "DllConfigDemo\DllConfigDemo.csproj", "{3B08ADB6-E28B-4DC4-9A39-4FB837C3A13E}"
EndProject
Project("{FAE04EC0-301F-11D3-BF4B-00C04F79EFBC}") = "ExeConfigDemo", "ExeConfigDemo\ExeConfigDemo.csproj", "{1F7A1365-A35D-4A9B-8ED9-1D6DA7293EF9}"
EndProject
Global
	GlobalSection(SolutionConfigurationPlatforms) = preSolution
		Debug|Any CPU = Debug|Any CPU
		Release|Any CPU = Release|Any CPU
	EndGlobalSection
	GlobalSection(ProjectConfigurationPlatforms) = postSolution
		{3B08ADB6-E28B-4DC4-9A39-4FB837C3A13E}.Debug|Any CPU.ActiveCfg = Debug|Any CPU
		{3B08ADB6-E28B-4DC4-9A39-4FB837C3A13E}.Debug|Any CPU.Build.0 = Debug|Any CPU
		{3B08ADB6-E28B-4DC4-9A39-4FB837C3A13E}.Release|Any CPU.ActiveCfg = Release|Any CPU
		{3B08ADB6-E28B-4DC4-9A39-4FB837C3A13E}.Release|Any CPU.Build.0 = Release|Any CPU
		{1F7A1365-A35D-4A9B-8ED9-1D6DA7293EF9}.Debug|Any CPU.ActiveCfg = Debug|Any CPU
		{1F7A1365-A35D-4A9B-8ED9-1D6DA7293EF9}.Debug|Any CPU.Build.0 = Debug|Any CPU
		{1F7A1365-A35D-4A9B-8ED9-1D6DA7293EF9}.Release|Any CPU.ActiveCfg = Release|Any CPU
		{1F7A1365-A35D-4A9B-8ED9-1D6DA7293EF9}.Release|Any CPU.Build.0 = Release|Any CPU
	EndGlobalSection
	GlobalSection(SolutionProperties) = preSolution
		HideSolutionNode = FALSE
	EndGlobalSection
	GlobalSection(ExtensibilityGlobals) = postSolution
		SolutionGuid = {5A162231-1FDF-4799-B547-25D00930B856}
	EndGlobalSection
EndGlobal
